
Microsoft Visual Studio Solution File, Format Version 12.00
# Visual Studio Version 17
VisualStudioVersion = 17.5.33627.172
MinimumVisualStudioVersion = 10.0.40219.1
Project("{FAE04EC0-301F-11D3-BF4B-00C04F79EFBC}") = "AgeCalculator", "AgeCalculator\AgeCalculator.csproj", "{BEBF792E-121D-4763-9082-4528A9483F4E}"
EndProject
Global
	GlobalSection(SolutionConfigurationPlatforms) = preSolution
		Debug|Any CPU = Debug|Any CPU
		Release|Any CPU = Release|Any CPU
	EndGlobalSection
	GlobalSection(ProjectConfigurationPlatforms) = postSolution
		{BEBF792E-121D-4763-9082-4528A9483F4E}.Debug|Any CPU.ActiveCfg = Debug|Any CPU
		{BEBF792E-121D-4763-9082-4528A9483F4E}.Debug|Any CPU.Build.0 = Debug|Any CPU
		{BEBF792E-121D-4763-9082-4528A9483F4E}.Release|Any CPU.ActiveCfg = Release|Any CPU
		{BEBF792E-121D-4763-9082-4528A9483F4E}.Release|Any CPU.Build.0 = Release|Any CPU
	EndGlobalSection
	GlobalSection(SolutionProperties) = preSolution
		HideSolutionNode = FALSE
	EndGlobalSection
	GlobalSection(ExtensibilityGlobals) = postSolution
		SolutionGuid = {EA892760-59F3-420E-BA4D-FB17DEBBD957}
	EndGlobalSection
EndGlobal
